
Microsoft Visual Studio Solution File, Format Version 12.00
# Visual Studio Version 16
VisualStudioVersion = 16.0.31112.23
MinimumVisualStudioVersion = 10.0.40219.1
Project("{9A19103F-16F7-4668-BE54-9A1E7A4F7556}") = "MyCalculator.Parsers", "MyCalculator.Parsers\MyCalculator.Parsers.csproj", "{B5C323C8-83C9-4B28-B46C-668D5409B4F0}"
EndProject
Project("{FAE04EC0-301F-11D3-BF4B-00C04F79EFBC}") = "MyCalculator.Parsers.Test", "MyCalculator.Parsers.Test\MyCalculator.Parsers.Test.csproj", "{1DB90740-8827-4749-A89F-03D66448C1B2}"
EndProject
Global
	GlobalSection(SolutionConfigurationPlatforms) = preSolution
		Debug|Any CPU = Debug|Any CPU
		Release|Any CPU = Release|Any CPU
	EndGlobalSection
	GlobalSection(ProjectConfigurationPlatforms) = postSolution
		{B5C323C8-83C9-4B28-B46C-668D5409B4F0}.Debug|Any CPU.ActiveCfg = Debug|Any CPU
		{B5C323C8-83C9-4B28-B46C-668D5409B4F0}.Debug|Any CPU.Build.0 = Debug|Any CPU
		{B5C323C8-83C9-4B28-B46C-668D5409B4F0}.Release|Any CPU.ActiveCfg = Release|Any CPU
		{B5C323C8-83C9-4B28-B46C-668D5409B4F0}.Release|Any CPU.Build.0 = Release|Any CPU
		{1DB90740-8827-4749-A89F-03D66448C1B2}.Debug|Any CPU.ActiveCfg = Debug|Any CPU
		{1DB90740-8827-4749-A89F-03D66448C1B2}.Debug|Any CPU.Build.0 = Debug|Any CPU
		{1DB90740-8827-4749-A89F-03D66448C1B2}.Release|Any CPU.ActiveCfg = Release|Any CPU
		{1DB90740-8827-4749-A89F-03D66448C1B2}.Release|Any CPU.Build.0 = Release|Any CPU
	EndGlobalSection
	GlobalSection(SolutionProperties) = preSolution
		HideSolutionNode = FALSE
	EndGlobalSection
	GlobalSection(ExtensibilityGlobals) = postSolution
		SolutionGuid = {B66214A8-6263-4CE1-9708-FB0442EB6F71}
	EndGlobalSection
EndGlobal
